
Microsoft Visual Studio Solution File, Format Version 12.00
# Visual Studio 15
VisualStudioVersion = 15.0.28307.902
MinimumVisualStudioVersion = 10.0.40219.1
Project("{FAE04EC0-301F-11D3-BF4B-00C04F79EFBC}") = "WebMvcControlerAcesso", "WebMvcControlerAcesso\WebMvcControlerAcesso.csproj", "{BA53D8B3-DEE3-41ED-A1B8-DC96C6D971E5}"
EndProject
Global
	GlobalSection(SolutionConfigurationPlatforms) = preSolution
		Debug|Any CPU = Debug|Any CPU
		Release|Any CPU = Release|Any CPU
	EndGlobalSection
	GlobalSection(ProjectConfigurationPlatforms) = postSolution
		{BA53D8B3-DEE3-41ED-A1B8-DC96C6D971E5}.Debug|Any CPU.ActiveCfg = Debug|Any CPU
		{BA53D8B3-DEE3-41ED-A1B8-DC96C6D971E5}.Debug|Any CPU.Build.0 = Debug|Any CPU
		{BA53D8B3-DEE3-41ED-A1B8-DC96C6D971E5}.Release|Any CPU.ActiveCfg = Release|Any CPU
		{BA53D8B3-DEE3-41ED-A1B8-DC96C6D971E5}.Release|Any CPU.Build.0 = Release|Any CPU
	EndGlobalSection
	GlobalSection(SolutionProperties) = preSolution
		HideSolutionNode = FALSE
	EndGlobalSection
	GlobalSection(ExtensibilityGlobals) = postSolution
		SolutionGuid = {5CB44F8E-FE74-46D9-9630-C0A150D0004B}
	EndGlobalSection
EndGlobal
